// !$*UTF8*$!
{
	archiveVersion = 1;
	classes = {
	};
	objectVersion = 77;
	objects = {

/* Begin PBXContainerItemProxy section */
		1C8C1C2B2EC3DA9600A242D8 /* PBXContainerItemProxy */ = {
			isa = PBXContainerItemProxy;
			containerPortal = 1C8C1C152EC3DA9300A242D8 /* Project object */;
			proxyType = 1;
			remoteGlobalIDString = 1C8C1C1C2EC3DA9300A242D8;
			remoteInfo = "Mind Garden";
		};
		1C8C1C352EC3DA9600A242D8 /* PBXContainerItemProxy */ = {
			isa = PBXContainerItemProxy;
			containerPortal = 1C8C1C152EC3DA9300A242D8 /* Project object */;
			proxyType = 1;
			remoteGlobalIDString = 1C8C1C1C2EC3DA9300A242D8;
			remoteInfo = "Mind Garden";
		};
/* End PBXContainerItemProxy section */

/* Begin PBXFileReference section */
		1C8C1C1D2EC3DA9300A242D8 /* Mind Garden.app */ = {isa = PBXFileReference; explicitFileType = wrapper.application; includeInIndex = 0; path = "Mind Garden.app"; sourceTree = BUILT_PRODUCTS_DIR; };
		1C8C1C2A2EC3DA9600A242D8 /* Mind GardenTests.xctest */ = {isa = PBXFileReference; explicitFileType = wrapper.cfbundle; includeInIndex = 0; path = "Mind GardenTests.xctest"; sourceTree = BUILT_PRODUCTS_DIR; };
		1C8C1C342EC3DA9600A242D8 /* Mind GardenUITests.xctest */ = {isa = PBXFileReference; explicitFileType = wrapper.cfbundle; includeInIndex = 0; path = "Mind GardenUITests.xctest"; sourceTree = BUILT_PRODUCTS_DIR; };
/* End PBXFileReference section */

/* Begin PBXFileSystemSynchronizedRootGroup section */
		1C8C1C1F2EC3DA9300A242D8 /* Mind Garden */ = {
			isa = PBXFileSystemSynchronizedRootGroup;
			path = "Mind Garden";
			sourceTree = "<group>";
		};
		1C8C1C2D2EC3DA9600A242D8 /* Mind GardenTests */ = {
			isa = PBXFileSystemSynchronizedRootGroup;
			path = "Mind GardenTests";
			sourceTree = "<group>";
		};
		1C8C1C372EC3DA9600A242D8 /* Mind GardenUITests */ = {
			isa = PBXFileSystemSynchronizedRootGroup;
			path = "Mind GardenUITests";
			sourceTree = "<group>";
		};
/* End PBXFileSystemSynchronizedRootGroup section */

/* Begin PBXFrameworksBuildPhase section */
		1C8C1C1A2EC3DA9300A242D8 /* Frameworks */ = {
			isa = PBXFrameworksBuildPhase;
			buildActionMask = 2147483647;
			files = (
			);
			runOnlyForDeploymentPostprocessing = 0;
		};
		1C8C1C272EC3DA9600A242D8 /* Frameworks */ = {
			isa = PBXFrameworksBuildPhase;
			buildActionMask = 2147483647;
			files = (
			);
			runOnlyForDeploymentPostprocessing = 0;
		};
		1C8C1C312EC3DA9600A242D8 /* Frameworks */ = {
			isa = PBXFrameworksBuildPhase;
			buildActionMask = 2147483647;
			files = (
			);
			runOnlyForDeploymentPostprocessing = 0;
		};
/* End PBXFrameworksBuildPhase section */

/* Begin PBXGroup section */
		1C8C1C142EC3DA9300A242D8 = {
			isa = PBXGroup;
			children = (
				1C8C1C1F2EC3DA9300A242D8 /* Mind Garden */,
				1C8C1C2D2EC3DA9600A242D8 /* Mind GardenTests */,
				1C8C1C372EC3DA9600A242D8 /* Mind GardenUITests */,
				1C8C1C1E2EC3DA9300A242D8 /* Products */,
			);
			sourceTree = "<group>";
		};
		1C8C1C1E2EC3DA9300A242D8 /* Products */ = {
			isa = PBXGroup;
			children = (
				1C8C1C1D2EC3DA9300A242D8 /* Mind Garden.app */,
				1C8C1C2A2EC3DA9600A242D8 /* Mind GardenTests.xctest */,
				1C8C1C342EC3DA9600A242D8 /* Mind GardenUITests.xctest */,
			);
			name = Products;
			sourceTree = "<group>";
		};
/* End PBXGroup section */

/* Begin PBXNativeTarget section */
		1C8C1C1C2EC3DA9300A242D8 /* Mind Garden */ = {
			isa = PBXNativeTarget;
			buildConfigurationList = 1C8C1C3E2EC3DA9600A242D8 /* Build configuration list for PBXNativeTarget "Mind Garden" */;
			buildPhases = (
				1C8C1C192EC3DA9300A242D8 /* Sources */,
				1C8C1C1A2EC3DA9300A242D8 /* Frameworks */,
				1C8C1C1B2EC3DA9300A242D8 /* Resources */,
			);
			buildRules = (
			);
			dependencies = (
			);
			fileSystemSynchronizedGroups = (
				1C8C1C1F2EC3DA9300A242D8 /* Mind Garden */,
			);
			name = "Mind Garden";
			packageProductDependencies = (
			);
			productName = "Mind Garden";
			productReference = 1C8C1C1D2EC3DA9300A242D8 /* Mind Garden.app */;
			productType = "com.apple.product-type.application";
		};
		1C8C1C292EC3DA9600A242D8 /* Mind GardenTests */ = {
			isa = PBXNativeTarget;
			buildConfigurationList = 1C8C1C412EC3DA9600A242D8 /* Build configuration list for PBXNativeTarget "Mind GardenTests" */;
			buildPhases = (
				1C8C1C262EC3DA9600A242D8 /* Sources */,
				1C8C1C272EC3DA9600A242D8 /* Frameworks */,
				1C8C1C282EC3DA9600A242D8 /* Resources */,
			);
			buildRules = (
			);
			dependencies = (
				1C8C1C2C2EC3DA9600A242D8 /* PBXTargetDependency */,
			);
			fileSystemSynchronizedGroups = (
				1C8C1C2D2EC3DA9600A242D8 /* Mind GardenTests */,
			);
			name = "Mind GardenTests";
			packageProductDependencies = (
			);
			productName = "Mind GardenTests";
			productReference = 1C8C1C2A2EC3DA9600A242D8 /* Mind GardenTests.xctest */;
			productType = "com.apple.product-type.bundle.unit-test";
		};
		1C8C1C332EC3DA9600A242D8 /* Mind GardenUITests */ = {
			isa = PBXNativeTarget;
			buildConfigurationList = 1C8C1C442EC3DA9600A242D8 /* Build configuration list for PBXNativeTarget "Mind GardenUITests" */;
			buildPhases = (
				1C8C1C302EC3DA9600A242D8 /* Sources */,
				1C8C1C312EC3DA9600A242D8 /* Frameworks */,
				1C8C1C322EC3DA9600A242D8 /* Resources */,
			);
			buildRules = (
			);
			dependencies = (
				1C8C1C362EC3DA9600A242D8 /* PBXTargetDependency */,
			);
			fileSystemSynchronizedGroups = (
				1C8C1C372EC3DA9600A242D8 /* Mind GardenUITests */,
			);
			name = "Mind GardenUITests";
			packageProductDependencies = (
			);
			productName = "Mind GardenUITests";
			productReference = 1C8C1C342EC3DA9600A242D8 /* Mind GardenUITests.xctest */;
			productType = "com.apple.product-type.bundle.ui-testing";
		};
/* End PBXNativeTarget section */

/* Begin PBXProject section */
		1C8C1C152EC3DA9300A242D8 /* Project object */ = {
			isa = PBXProject;
			attributes = {
				BuildIndependentTargetsInParallel = 1;
				LastSwiftUpdateCheck = 1640;
				LastUpgradeCheck = 2610;
				TargetAttributes = {
					1C8C1C1C2EC3DA9300A242D8 = {
						CreatedOnToolsVersion = 16.4;
					};
					1C8C1C292EC3DA9600A242D8 = {
						CreatedOnToolsVersion = 16.4;
						TestTargetID = 1C8C1C1C2EC3DA9300A242D8;
					};
					1C8C1C332EC3DA9600A242D8 = {
						CreatedOnToolsVersion = 16.4;
						TestTargetID = 1C8C1C1C2EC3DA9300A242D8;
					};
				};
			};
			buildConfigurationList = 1C8C1C182EC3DA9300A242D8 /* Build configuration list for PBXProject "Mind Garden" */;
			developmentRegion = en;
			hasScannedForEncodings = 0;
			knownRegions = (
				en,
				Base,
			);
			mainGroup = 1C8C1C142EC3DA9300A242D8;
			minimizedProjectReferenceProxies = 1;
			preferredProjectObjectVersion = 77;
			productRefGroup = 1C8C1C1E2EC3DA9300A242D8 /* Products */;
			projectDirPath = "";
			projectRoot = "";
			targets = (
				1C8C1C1C2EC3DA9300A242D8 /* Mind Garden */,
				1C8C1C292EC3DA9600A242D8 /* Mind GardenTests */,
				1C8C1C332EC3DA9600A242D8 /* Mind GardenUITests */,
			);
		};
/* End PBXProject section */

/* Begin PBXResourcesBuildPhase section */
		1C8C1C1B2EC3DA9300A242D8 /* Resources */ = {
			isa = PBXResourcesBuildPhase;
			buildActionMask = 2147483647;
			files = (
			);
			runOnlyForDeploymentPostprocessing = 0;
		};
		1C8C1C282EC3DA9600A242D8 /* Resources */ = {
			isa = PBXResourcesBuildPhase;
			buildActionMask = 2147483647;
			files = (
			);
			runOnlyForDeploymentPostprocessing = 0;
		};
		1C8C1C322EC3DA9600A242D8 /* Resources */ = {
			isa = PBXResourcesBuildPhase;
			buildActionMask = 2147483647;
			files = (
			);
			runOnlyForDeploymentPostprocessing = 0;
		};
/* End PBXResourcesBuildPhase section */

/* Begin PBXSourcesBuildPhase section */
		1C8C1C192EC3DA9300A242D8 /* Sources */ = {
			isa = PBXSourcesBuildPhase;
			buildActionMask = 2147483647;
			files = (
			);
			runOnlyForDeploymentPostprocessing = 0;
		};
		1C8C1C262EC3DA9600A242D8 /* Sources */ = {
			isa = PBXSourcesBuildPhase;
			buildActionMask = 2147483647;
			files = (
			);
			runOnlyForDeploymentPostprocessing = 0;
		};
		1C8C1C302EC3DA9600A242D8 /* Sources */ = {
			isa = PBXSourcesBuildPhase;
			buildActionMask = 2147483647;
			files = (
			);
			runOnlyForDeploymentPostprocessing = 0;
		};
/* End PBXSourcesBuildPhase section */

/* Begin PBXTargetDependency section */
		1C8C1C2C2EC3DA9600A242D8 /* PBXTargetDependency */ = {
			isa = PBXTargetDependency;
			target = 1C8C1C1C2EC3DA9300A242D8 /* Mind Garden */;
			targetProxy = 1C8C1C2B2EC3DA9600A242D8 /* PBXContainerItemProxy */;
		};
		1C8C1C362EC3DA9600A242D8 /* PBXTargetDependency */ = {
			isa = PBXTargetDependency;
			target = 1C8C1C1C2EC3DA9300A242D8 /* Mind Garden */;
			targetProxy = 1C8C1C352EC3DA9600A242D8 /* PBXContainerItemProxy */;
		};
/* End PBXTargetDependency section */

/* Begin XCBuildConfiguration section */
		1C8C1C3C2EC3DA9600A242D8 /* Debug */ = {
			isa = XCBuildConfiguration;
			buildSettings = {
				ALWAYS_SEARCH_USER_PATHS = NO;
				ASSETCATALOG_COMPILER_GENERATE_SWIFT_ASSET_SYMBOL_EXTENSIONS = YES;
				CLANG_ANALYZER_NONNULL = YES;
				CLANG_ANALYZER_NUMBER_OBJECT_CONVERSION = YES_AGGRESSIVE;
				CLANG_CXX_LANGUAGE_STANDARD = "gnu++20";
				CLANG_ENABLE_MODULES = YES;
				CLANG_ENABLE_OBJC_ARC = YES;
				CLANG_ENABLE_OBJC_WEAK = YES;
				CLANG_WARN_BLOCK_CAPTURE_AUTORELEASING = YES;
				CLANG_WARN_BOOL_CONVERSION = YES;
				CLANG_WARN_COMMA = YES;
				CLANG_WARN_CONSTANT_CONVERSION = YES;
				CLANG_WARN_DEPRECATED_OBJC_IMPLEMENTATIONS = YES;
				CLANG_WARN_DIRECT_OBJC_ISA_USAGE = YES_ERROR;
				CLANG_WARN_DOCUMENTATION_COMMENTS = YES;
				CLANG_WARN_EMPTY_BODY = YES;
				CLANG_WARN_ENUM_CONVERSION = YES;
				CLANG_WARN_INFINITE_RECURSION = YES;
				CLANG_WARN_INT_CONVERSION = YES;
				CLANG_WARN_NON_LITERAL_NULL_CONVERSION = YES;
				CLANG_WARN_OBJC_IMPLICIT_RETAIN_SELF = YES;
				CLANG_WARN_OBJC_LITERAL_CONVERSION = YES;
				CLANG_WARN_OBJC_ROOT_CLASS = YES_ERROR;
				CLANG_WARN_QUOTED_INCLUDE_IN_FRAMEWORK_HEADER = YES;
				CLANG_WARN_RANGE_LOOP_ANALYSIS = YES;
				CLANG_WARN_STRICT_PROTOTYPES = YES;
				CLANG_WARN_SUSPICIOUS_MOVE = YES;
				CLANG_WARN_UNGUARDED_AVAILABILITY = YES_AGGRESSIVE;
				CLANG_WARN_UNREACHABLE_CODE = YES;
				CLANG_WARN__DUPLICATE_METHOD_MATCH = YES;
				COPY_PHASE_STRIP = NO;
				DEBUG_INFORMATION_FORMAT = dwarf;
				DEVELOPMENT_TEAM = 3SGXPJAJQJ;
				ENABLE_STRICT_OBJC_MSGSEND = YES;
				ENABLE_TESTABILITY = YES;
				ENABLE_USER_SCRIPT_SANDBOXING = YES;
				GCC_C_LANGUAGE_STANDARD = gnu17;
				GCC_DYNAMIC_NO_PIC = NO;
				GCC_NO_COMMON_BLOCKS = YES;
				GCC_OPTIMIZATION_LEVEL = 0;
				GCC_PREPROCESSOR_DEFINITIONS = (
					"DEBUG=1",
					"$(inherited)",
				);
				GCC_WARN_64_TO_32_BIT_CONVERSION = YES;
				GCC_WARN_ABOUT_RETURN_TYPE = YES_ERROR;
				GCC_WARN_UNDECLARED_SELECTOR = YES;
				GCC_WARN_UNINITIALIZED_AUTOS = YES_AGGRESSIVE;
				GCC_WARN_UNUSED_FUNCTION = YES;
				GCC_WARN_UNUSED_VARIABLE = YES;
				IPHONEOS_DEPLOYMENT_TARGET = 18.5;
				LOCALIZATION_PREFERS_STRING_CATALOGS = YES;
				MTL_ENABLE_DEBUG_INFO = INCLUDE_SOURCE;
				MTL_FAST_MATH = YES;
				ONLY_ACTIVE_ARCH = YES;
				SDKROOT = iphoneos;
				STRING_CATALOG_GENERATE_SYMBOLS = YES;
				SWIFT_ACTIVE_COMPILATION_CONDITIONS = "DEBUG $(inherited)";
				SWIFT_OPTIMIZATION_LEVEL = "-Onone";
			};
			name = Debug;
		};
		1C8C1C3D2EC3DA9600A242D8 /* Release */ = {
			isa = XCBuildConfiguration;
			buildSettings = {
				ALWAYS_SEARCH_USER_PATHS = NO;
				ASSETCATALOG_COMPILER_GENERATE_SWIFT_ASSET_SYMBOL_EXTENSIONS = YES;
				CLANG_ANALYZER_NONNULL = YES;
				CLANG_ANALYZER_NUMBER_OBJECT_CONVERSION = YES_AGGRESSIVE;
				CLANG_CXX_LANGUAGE_STANDARD = "gnu++20";
				CLANG_ENABLE_MODULES = YES;
				CLANG_ENABLE_OBJC_ARC = YES;
				CLANG_ENABLE_OBJC_WEAK = YES;
				CLANG_WARN_BLOCK_CAPTURE_AUTORELEASING = YES;
				CLANG_WARN_BOOL_CONVERSION = YES;
				CLANG_WARN_COMMA = YES;
				CLANG_WARN_CONSTANT_CONVERSION = YES;
				CLANG_WARN_DEPRECATED_OBJC_IMPLEMENTATIONS = YES;
				CLANG_WARN_DIRECT_OBJC_ISA_USAGE = YES_ERROR;
				CLANG_WARN_DOCUMENTATION_COMMENTS = YES;
				CLANG_WARN_EMPTY_BODY = YES;
				CLANG_WARN_ENUM_CONVERSION = YES;
				CLANG_WARN_INFINITE_RECURSION = YES;
				CLANG_WARN_INT_CONVERSION = YES;
				CLANG_WARN_NON_LITERAL_NULL_CONVERSION = YES;
				CLANG_WARN_OBJC_IMPLICIT_RETAIN_SELF = YES;
				CLANG_WARN_OBJC_LITERAL_CONVERSION = YES;
				CLANG_WARN_OBJC_ROOT_CLASS = YES_ERROR;
				CLANG_WARN_QUOTED_INCLUDE_IN_FRAMEWORK_HEADER = YES;
				CLANG_WARN_RANGE_LOOP_ANALYSIS = YES;
				CLANG_WARN_STRICT_PROTOTYPES = YES;
				CLANG_WARN_SUSPICIOUS_MOVE = YES;
				CLANG_WARN_UNGUARDED_AVAILABILITY = YES_AGGRESSIVE;
				CLANG_WARN_UNREACHABLE_CODE = YES;
				CLANG_WARN__DUPLICATE_METHOD_MATCH = YES;
				COPY_PHASE_STRIP = NO;
				DEBUG_INFORMATION_FORMAT = "dwarf-with-dsym";
				DEVELOPMENT_TEAM = 3SGXPJAJQJ;
				ENABLE_NS_ASSERTIONS = NO;
				ENABLE_STRICT_OBJC_MSGSEND = YES;
				ENABLE_USER_SCRIPT_SANDBOXING = YES;
				GCC_C_LANGUAGE_STANDARD = gnu17;
				GCC_NO_COMMON_BLOCKS = YES;
				GCC_WARN_64_TO_32_BIT_CONVERSION = YES;
				GCC_WARN_ABOUT_RETURN_TYPE = YES_ERROR;
				GCC_WARN_UNDECLARED_SELECTOR = YES;
				GCC_WARN_UNINITIALIZED_AUTOS = YES_AGGRESSIVE;
				GCC_WARN_UNUSED_FUNCTION = YES;
				GCC_WARN_UNUSED_VARIABLE = YES;
				IPHONEOS_DEPLOYMENT_TARGET = 18.5;
				LOCALIZATION_PREFERS_STRING_CATALOGS = YES;
				MTL_ENABLE_DEBUG_INFO = NO;
				MTL_FAST_MATH = YES;
				SDKROOT = iphoneos;
				STRING_CATALOG_GENERATE_SYMBOLS = YES;
				SWIFT_COMPILATION_MODE = wholemodule;
				VALIDATE_PRODUCT = YES;
			};
			name = Release;
		};
		1C8C1C3F2EC3DA9600A242D8 /* Debug */ = {
			isa = XCBuildConfiguration;
			buildSettings = {
				ASSETCATALOG_COMPILER_APPICON_NAME = AppIcon;
				ASSETCATALOG_COMPILER_GLOBAL_ACCENT_COLOR_NAME = AccentColor;
				CODE_SIGN_STYLE = Automatic;
				CURRENT_PROJECT_VERSION = 1;
				DEVELOPMENT_TEAM = 3SGXPJAJQJ;
				ENABLE_PREVIEWS = YES;
				GENERATE_INFOPLIST_FILE = YES;
				INFOPLIST_KEY_UIApplicationSceneManifest_Generation = YES;
				INFOPLIST_KEY_UIApplicationSupportsIndirectInputEvents = YES;
				INFOPLIST_KEY_UILaunchScreen_Generation = YES;
				INFOPLIST_KEY_UISupportedInterfaceOrientations_iPad = "UIInterfaceOrientationPortrait UIInterfaceOrientationPortraitUpsideDown UIInterfaceOrientationLandscapeLeft UIInterfaceOrientationLandscapeRight";
				INFOPLIST_KEY_UISupportedInterfaceOrientations_iPhone = "UIInterfaceOrientationPortrait UIInterfaceOrientationLandscapeLeft UIInterfaceOrientationLandscapeRight";
				LD_RUNPATH_SEARCH_PATHS = (
					"$(inherited)",
					"@executable_path/Frameworks",
				);
				MARKETING_VERSION = 1.0;
				PRODUCT_BUNDLE_IDENTIFIER = "CTC.Mind-Garden";
				PRODUCT_NAME = "$(TARGET_NAME)";
				SWIFT_EMIT_LOC_STRINGS = YES;
				SWIFT_VERSION = 5.0;
				TARGETED_DEVICE_FAMILY = "1,2";
			};
			name = Debug;
		};
		1C8C1C402EC3DA9600A242D8 /* Release */ = {
			isa = XCBuildConfiguration;
			buildSettings = {
				ASSETCATALOG_COMPILER_APPICON_NAME = AppIcon;
				ASSETCATALOG_COMPILER_GLOBAL_ACCENT_COLOR_NAME = AccentColor;
				CODE_SIGN_STYLE = Automatic;
				CURRENT_PROJECT_VERSION = 1;
				DEVELOPMENT_TEAM = 3SGXPJAJQJ;
				ENABLE_PREVIEWS = YES;
				GENERATE_INFOPLIST_FILE = YES;
				INFOPLIST_KEY_UIApplicationSceneManifest_Generation = YES;
				INFOPLIST_KEY_UIApplicationSupportsIndirectInputEvents = YES;
				INFOPLIST_KEY_UILaunchScreen_Generation = YES;
				INFOPLIST_KEY_UISupportedInterfaceOrientations_iPad = "UIInterfaceOrientationPortrait UIInterfaceOrientationPortraitUpsideDown UIInterfaceOrientationLandscapeLeft UIInterfaceOrientationLandscapeRight";
				INFOPLIST_KEY_UISupportedInterfaceOrientations_iPhone = "UIInterfaceOrientationPortrait UIInterfaceOrientationLandscapeLeft UIInterfaceOrientationLandscapeRight";
				LD_RUNPATH_SEARCH_PATHS = (
					"$(inherited)",
					"@executable_path/Frameworks",
				);
				MARKETING_VERSION = 1.0;
				PRODUCT_BUNDLE_IDENTIFIER = "CTC.Mind-Garden";
				PRODUCT_NAME = "$(TARGET_NAME)";
				SWIFT_EMIT_LOC_STRINGS = YES;
				SWIFT_VERSION = 5.0;
				TARGETED_DEVICE_FAMILY = "1,2";
			};
			name = Release;
		};
		1C8C1C422EC3DA9600A242D8 /* Debug */ = {
			isa = XCBuildConfiguration;
			buildSettings = {
				BUNDLE_LOADER = "$(TEST_HOST)";
				CODE_SIGN_STYLE = Automatic;
				CURRENT_PROJECT_VERSION = 1;
				DEVELOPMENT_TEAM = 3SGXPJAJQJ;
				GENERATE_INFOPLIST_FILE = YES;
				IPHONEOS_DEPLOYMENT_TARGET = 18.5;
				MARKETING_VERSION = 1.0;
				PRODUCT_BUNDLE_IDENTIFIER = "CTC.Mind-GardenTests";
				PRODUCT_NAME = "$(TARGET_NAME)";
				SWIFT_EMIT_LOC_STRINGS = NO;
				SWIFT_VERSION = 5.0;
				TARGETED_DEVICE_FAMILY = "1,2";
				TEST_HOST = "$(BUILT_PRODUCTS_DIR)/Mind Garden.app/$(BUNDLE_EXECUTABLE_FOLDER_PATH)/Mind Garden";
			};
			name = Debug;
		};
		1C8C1C432EC3DA9600A242D8 /* Release */ = {
			isa = XCBuildConfiguration;
			buildSettings = {
				BUNDLE_LOADER = "$(TEST_HOST)";
				CODE_SIGN_STYLE = Automatic;
				CURRENT_PROJECT_VERSION = 1;
				DEVELOPMENT_TEAM = 3SGXPJAJQJ;
				GENERATE_INFOPLIST_FILE = YES;
				IPHONEOS_DEPLOYMENT_TARGET = 18.5;
				MARKETING_VERSION = 1.0;
				PRODUCT_BUNDLE_IDENTIFIER = "CTC.Mind-GardenTests";
				PRODUCT_NAME = "$(TARGET_NAME)";
				SWIFT_EMIT_LOC_STRINGS = NO;
				SWIFT_VERSION = 5.0;
				TARGETED_DEVICE_FAMILY = "1,2";
				TEST_HOST = "$(BUILT_PRODUCTS_DIR)/Mind Garden.app/$(BUNDLE_EXECUTABLE_FOLDER_PATH)/Mind Garden";
			};
			name = Release;
		};
		1C8C1C452EC3DA9600A242D8 /* Debug */ = {
			isa = XCBuildConfiguration;
			buildSettings = {
				CODE_SIGN_STYLE = Automatic;
				CURRENT_PROJECT_VERSION = 1;
				DEVELOPMENT_TEAM = 3SGXPJAJQJ;
				GENERATE_INFOPLIST_FILE = YES;
				MARKETING_VERSION = 1.0;
				PRODUCT_BUNDLE_IDENTIFIER = "CTC.Mind-GardenUITests";
				PRODUCT_NAME = "$(TARGET_NAME)";
				SWIFT_EMIT_LOC_STRINGS = NO;
				SWIFT_VERSION = 5.0;
				TARGETED_DEVICE_FAMILY = "1,2";
				TEST_TARGET_NAME = "Mind Garden";
			};
			name = Debug;
		};
		1C8C1C462EC3DA9600A242D8 /* Release */ = {
			isa = XCBuildConfiguration;
			buildSettings = {
				CODE_SIGN_STYLE = Automatic;
				CURRENT_PROJECT_VERSION = 1;
				DEVELOPMENT_TEAM = 3SGXPJAJQJ;
				GENERATE_INFOPLIST_FILE = YES;
				MARKETING_VERSION = 1.0;
				PRODUCT_BUNDLE_IDENTIFIER = "CTC.Mind-GardenUITests";
				PRODUCT_NAME = "$(TARGET_NAME)";
				SWIFT_EMIT_LOC_STRINGS = NO;
				SWIFT_VERSION = 5.0;
				TARGETED_DEVICE_FAMILY = "1,2";
				TEST_TARGET_NAME = "Mind Garden";
			};
			name = Release;
		};
/* End XCBuildConfiguration section */

/* Begin XCConfigurationList section */
		1C8C1C182EC3DA9300A242D8 /* Build configuration list for PBXProject "Mind Garden" */ = {
			isa = XCConfigurationList;
			buildConfigurations = (
				1C8C1C3C2EC3DA9600A242D8 /* Debug */,
				1C8C1C3D2EC3DA9600A242D8 /* Release */,
			);
			defaultConfigurationIsVisible = 0;
			defaultConfigurationName = Release;
		};
		1C8C1C3E2EC3DA9600A242D8 /* Build configuration list for PBXNativeTarget "Mind Garden" */ = {
			isa = XCConfigurationList;
			buildConfigurations = (
				1C8C1C3F2EC3DA9600A242D8 /* Debug */,
				1C8C1C402EC3DA9600A242D8 /* Release */,
			);
			defaultConfigurationIsVisible = 0;
			defaultConfigurationName = Release;
		};
		1C8C1C412EC3DA9600A242D8 /* Build configuration list for PBXNativeTarget "Mind GardenTests" */ = {
			isa = XCConfigurationList;
			buildConfigurations = (
				1C8C1C422EC3DA9600A242D8 /* Debug */,
				1C8C1C432EC3DA9600A242D8 /* Release */,
			);
			defaultConfigurationIsVisible = 0;
			defaultConfigurationName = Release;
		};
		1C8C1C442EC3DA9600A242D8 /* Build configuration list for PBXNativeTarget "Mind GardenUITests" */ = {
			isa = XCConfigurationList;
			buildConfigurations = (
				1C8C1C452EC3DA9600A242D8 /* Debug */,
				1C8C1C462EC3DA9600A242D8 /* Release */,
			);
			defaultConfigurationIsVisible = 0;
			defaultConfigurationName = Release;
		};
/* End XCConfigurationList section */
	};
	rootObject = 1C8C1C152EC3DA9300A242D8 /* Project object */;
}
